<?xml version="1.0" encoding="utf-8"?>
<Project ToolsVersion="4.0" xmlns="http://schemas.microsoft.com/developer/msbuild/2003">
  <ItemGroup>
    <Filter Include="Source Files">
      <UniqueIdentifier>{4FC737F1-C7A5-4376-A066-2A32D752A2FF}</UniqueIdentifier>
      <Extensions>cpp;c;cc;cxx;def;odl;idl;hpj;bat;asm;asmx</Extensions>
    </Filter>
    <Filter Include="Header Files">
      <UniqueIdentifier>{93995380-89BD-4b04-88EB-625FBE52EBFB}</UniqueIdentifier>
      <Extensions>h;hh;hpp;hxx;hm;inl;inc;xsd</Extensions>
    </Filter>
    <Filter Include="Resource Files">
      <UniqueIdentifier>{67DA6AB6-F800-4c08-8B7A-83BB121AAD01}</UniqueIdentifier>
      <Extensions>rc;ico;cur;bmp;dlg;rc2;rct;bin;rgs;gif;jpg;jpeg;jpe;resx;tiff;tif;png;wav;mfcribbon-ms</Extensions>
    </Filter>
    <Filter Include="CoreComponents">
      <UniqueIdentifier>{c7fed43b-15f0-4e43-890e-7f9f8aba137a}</UniqueIdentifier>
    </Filter>
    <Filter Include="CoreComponents\Camera">
      <UniqueIdentifier>{30af7e28-e481-43a4-88dc-fceffa4de7eb}</UniqueIdentifier>
    </Filter>
    <Filter Include="CoreComponents\Geometry">
      <UniqueIdentifier>{444937ae-ee20-41ad-8a3b-aade8f21478f}</UniqueIdentifier>
    </Filter>
    <Filter Include="CoreComponents\Rendering">
      <UniqueIdentifier>{06e8b717-9463-4b9d-aaa0-3192d370c3fc}</UniqueIdentifier>
    </Filter>
    <Filter Include="Tools">
      <UniqueIdentifier>{c25773ee-ed54-4263-ad0f-22ff3b9dc71a}</UniqueIdentifier>
    </Filter>
    <Filter Include="CoreComponents\Resources">
      <UniqueIdentifier>{c41ea101-1278-40cf-9ee9-6269273d7749}</UniqueIdentifier>
    </Filter>
    <Filter Include="Gui">
      <UniqueIdentifier>{28f4fe0f-345f-4717-a425-0a59dbc56d2f}</UniqueIdentifier>
    </Filter>
    <Filter Include="Gui\ImGui">
      <UniqueIdentifier>{35bc00ac-0327-466f-85a0-50ca10567194}</UniqueIdentifier>
    </Filter>
    <Filter Include="Gui\Panels">
      <UniqueIdentifier>{9c8dc433-7f77-4eca-b59f-b2f0b23f2e95}</UniqueIdentifier>
    </Filter>
    <Filter Include="CoreComponents\Scene">
      <UniqueIdentifier>{6aaa4fc1-b689-4439-a870-35aa9e2fffa2}</UniqueIdentifier>
    </Filter>
  </ItemGroup>
  <ItemGroup>
    <ClInclude Include="Defs.h">
      <Filter>Header Files</Filter>
    </ClInclude>
    <ClInclude Include="GeometryDefs.h">
      <Filter>Header Files</Filter>
    </ClInclude>
    <ClInclude Include="Camera.h">
      <Filter>CoreComponents\Camera</Filter>
    </ClInclude>
    <ClInclude Include="PerspectiveCamera.h">
      <Filter>CoreComponents\Camera</Filter>
    </ClInclude>
    <ClInclude Include="OrthographicCamera.h">
      <Filter>CoreComponents\Camera</Filter>
    </ClInclude>
    <ClInclude Include="Geometry.h">
      <Filter>CoreComponents\Geometry</Filter>
    </ClInclude>
    <ClInclude Include="Shader.h">
      <Filter>CoreComponents\Rendering</Filter>
    </ClInclude>
    <ClInclude Include="RenderInfo.h">
      <Filter>CoreComponents\Rendering</Filter>
    </ClInclude>
    <ClInclude Include="DepthFrameBuffer.h">
      <Filter>Tools</Filter>
    </ClInclude>
    <ClInclude Include="CubeMapFrameBuffer.h">
      <Filter>Tools</Filter>
    </ClInclude>
    <ClInclude Include="FrameBuffer.h">
      <Filter>Tools</Filter>
    </ClInclude>
    <ClInclude Include="Resource.h">
      <Filter>CoreComponents\Resources</Filter>
    </ClInclude>
    <ClInclude Include="ResourceManager.h">
      <Filter>CoreComponents\Resources</Filter>
    </ClInclude>
    <ClInclude Include="ThirdParty\ImGui\imconfig.h">
      <Filter>Gui\ImGui</Filter>
    </ClInclude>
    <ClInclude Include="ThirdParty\ImGui\imgui.h">
      <Filter>Gui\ImGui</Filter>
    </ClInclude>
    <ClInclude Include="ThirdParty\ImGui\imgui_impl_glfw_gl3.h">
      <Filter>Gui\ImGui</Filter>
    </ClInclude>
    <ClInclude Include="ThirdParty\ImGui\imgui_internal.h">
      <Filter>Gui\ImGui</Filter>
    </ClInclude>
    <ClInclude Include="ThirdParty\ImGui\stb_rect_pack.h">
      <Filter>Gui\ImGui</Filter>
    </ClInclude>
    <ClInclude Include="ThirdParty\ImGui\stb_textedit.h">
      <Filter>Gui\ImGui</Filter>
    </ClInclude>
    <ClInclude Include="ThirdParty\ImGui\stb_truetype.h">
      <Filter>Gui\ImGui</Filter>
    </ClInclude>
    <ClInclude Include="GuiManager.h">
      <Filter>Gui</Filter>
    </ClInclude>
    <ClInclude Include="EditorPanel.h">
      <Filter>Gui\Panels</Filter>
    </ClInclude>
    <ClInclude Include="Editor_GeometryPanel.h">
      <Filter>Gui\Panels</Filter>
    </ClInclude>
    <ClInclude Include="Editor_ShaderPanel.h">
      <Filter>Gui\Panels</Filter>
    </ClInclude>
    <ClInclude Include="Scene.h">
      <Filter>CoreComponents\Scene</Filter>
    </ClInclude>
  </ItemGroup>
  <ItemGroup>
    <ClCompile Include="main.cpp">
      <Filter>Source Files</Filter>
    </ClCompile>
    <ClCompile Include="Camera.cpp">
      <Filter>CoreComponents\Camera</Filter>
    </ClCompile>
    <ClCompile Include="OrthographicCamera.cpp">
      <Filter>CoreComponents\Camera</Filter>
    </ClCompile>
    <ClCompile Include="PerspectiveCamera.cpp">
      <Filter>CoreComponents\Camera</Filter>
    </ClCompile>
    <ClCompile Include="Geometry.cpp">
      <Filter>CoreComponents\Geometry</Filter>
    </ClCompile>
    <ClCompile Include="Shader.cpp">
      <Filter>CoreComponents\Rendering</Filter>
    </ClCompile>
    <ClCompile Include="RenderInfo.cpp">
      <Filter>CoreComponents\Rendering</Filter>
    </ClCompile>
    <ClCompile Include="CubeMapFrameBuffer.cpp">
      <Filter>Tools</Filter>
    </ClCompile>
    <ClCompile Include="DepthFrameBuffer.cpp">
      <Filter>Tools</Filter>
    </ClCompile>
    <ClCompile Include="FrameBuffer.cpp">
      <Filter>Tools</Filter>
    </ClCompile>
    <ClCompile Include="ResourceManager.cpp">
      <Filter>CoreComponents\Resources</Filter>
    </ClCompile>
    <ClCompile Include="ThirdParty\ImGui\imgui.cpp">
      <Filter>Gui\ImGui</Filter>
    </ClCompile>
    <ClCompile Include="ThirdParty\ImGui\imgui_demo.cpp">
      <Filter>Gui\ImGui</Filter>
    </ClCompile>
    <ClCompile Include="ThirdParty\ImGui\imgui_draw.cpp">
      <Filter>Gui\ImGui</Filter>
    </ClCompile>
    <ClCompile Include="ThirdParty\ImGui\imgui_impl_glfw_gl3.cpp">
      <Filter>Gui\ImGui</Filter>
    </ClCompile>
    <ClCompile Include="GuiManager.cpp">
      <Filter>Gui</Filter>
    </ClCompile>
    <ClCompile Include="EditorPanel.cpp">
      <Filter>Gui\Panels</Filter>
    </ClCompile>
    <ClCompile Include="Editor_GeometryPanel.cpp">
      <Filter>Gui\Panels</Filter>
    </ClCompile>
    <ClCompile Include="Editor_ShaderPanel.cpp">
      <Filter>Gui\Panels</Filter>
    </ClCompile>
    <ClCompile Include="Scene.cpp">
      <Filter>CoreComponents\Scene</Filter>
    </ClCompile>
  </ItemGroup>
</Project>